
Microsoft Visual Studio Solution File, Format Version 12.00
# Visual Studio 15
VisualStudioVersion = 15.0.28307.136
MinimumVisualStudioVersion = 10.0.40219.1
Project("{E24C65DC-7377-472B-9ABA-BC803B73C61A}") = "ZephyrUI", "ZephyrUI\", "{45B785E7-799B-4990-8D5D-E8E871FE63AE}"
	ProjectSection(WebsiteProperties) = preProject
		TargetFrameworkMoniker = ".NETFramework,Version%3Dv4.6.1"
		Debug.AspNetCompiler.VirtualPath = "/localhost_52956"
		Debug.AspNetCompiler.PhysicalPath = "ZephyrUI\"
		Debug.AspNetCompiler.TargetPath = "PrecompiledWeb\localhost_52956\"
		Debug.AspNetCompiler.Updateable = "true"
		Debug.AspNetCompiler.ForceOverwrite = "true"
		Debug.AspNetCompiler.FixedNames = "false"
		Debug.AspNetCompiler.Debug = "True"
		Release.AspNetCompiler.VirtualPath = "/localhost_52956"
		Release.AspNetCompiler.PhysicalPath = "ZephyrUI\"
		Release.AspNetCompiler.TargetPath = "PrecompiledWeb\localhost_52956\"
		Release.AspNetCompiler.Updateable = "true"
		Release.AspNetCompiler.ForceOverwrite = "true"
		Release.AspNetCompiler.FixedNames = "false"
		Release.AspNetCompiler.Debug = "False"
		VWDPort = "52956"
		SlnRelativePath = "ZephyrUI\"
		DefaultWebSiteLanguage = "Visual C#"
	EndProjectSection
EndProject
Project("{FAE04EC0-301F-11D3-BF4B-00C04F79EFBC}") = "ZephyrAPI", "ZephyrAPI\ZephyrAPI.csproj", "{0C8FEE07-C9B9-4D07-B29F-8B31268AC00B}"
EndProject
Global
	GlobalSection(SolutionConfigurationPlatforms) = preSolution
		Debug|Any CPU = Debug|Any CPU
		Release|Any CPU = Release|Any CPU
	EndGlobalSection
	GlobalSection(ProjectConfigurationPlatforms) = postSolution
		{45B785E7-799B-4990-8D5D-E8E871FE63AE}.Debug|Any CPU.ActiveCfg = Debug|Any CPU
		{45B785E7-799B-4990-8D5D-E8E871FE63AE}.Debug|Any CPU.Build.0 = Debug|Any CPU
		{45B785E7-799B-4990-8D5D-E8E871FE63AE}.Release|Any CPU.ActiveCfg = Debug|Any CPU
		{45B785E7-799B-4990-8D5D-E8E871FE63AE}.Release|Any CPU.Build.0 = Debug|Any CPU
		{0C8FEE07-C9B9-4D07-B29F-8B31268AC00B}.Debug|Any CPU.ActiveCfg = Debug|Any CPU
		{0C8FEE07-C9B9-4D07-B29F-8B31268AC00B}.Debug|Any CPU.Build.0 = Debug|Any CPU
		{0C8FEE07-C9B9-4D07-B29F-8B31268AC00B}.Release|Any CPU.ActiveCfg = Release|Any CPU
		{0C8FEE07-C9B9-4D07-B29F-8B31268AC00B}.Release|Any CPU.Build.0 = Release|Any CPU
	EndGlobalSection
	GlobalSection(SolutionProperties) = preSolution
		HideSolutionNode = FALSE
	EndGlobalSection
	GlobalSection(ExtensibilityGlobals) = postSolution
		SolutionGuid = {B5E092A1-5324-43FB-9573-491DAD5989AB}
	EndGlobalSection
EndGlobal
